// !$*UTF8*$!
{
	archiveVersion = 1;
	classes = {
	};
	objectVersion = 55;
	objects = {

/* Begin PBXBuildFile section */
		790A56B427BA82C30090F002 /* MainLogoView.swift in Sources */ = {isa = PBXBuildFile; fileRef = 790A56B327BA82C30090F002 /* MainLogoView.swift */; };
		790A56B827BA97B00090F002 /* LoginView.swift in Sources */ = {isa = PBXBuildFile; fileRef = 790A56B727BA97B00090F002 /* LoginView.swift */; };
		792E23A327BE7C68004BE151 /* Launch Screen.storyboard in Resources */ = {isa = PBXBuildFile; fileRef = 792E23A227BE7C68004BE151 /* Launch Screen.storyboard */; };
		792E23A527BE9739004BE151 /* UIColor+Extensions.swift in Sources */ = {isa = PBXBuildFile; fileRef = 792E23A427BE9739004BE151 /* UIColor+Extensions.swift */; };
		792E23A727BE97B9004BE151 /* CGColor+Extensions.swift in Sources */ = {isa = PBXBuildFile; fileRef = 792E23A627BE97B9004BE151 /* CGColor+Extensions.swift */; };
		792E23AC27BFC50F004BE151 /* BookCatalogueViewModel.swift in Sources */ = {isa = PBXBuildFile; fileRef = 792E23AB27BFC50F004BE151 /* BookCatalogueViewModel.swift */; };
		792E23AE27BFCF57004BE151 /* UserViewModel.swift in Sources */ = {isa = PBXBuildFile; fileRef = 792E23AD27BFCF57004BE151 /* UserViewModel.swift */; };
		792E23B027C13716004BE151 /* BookmarkedBooksViewModel.swift in Sources */ = {isa = PBXBuildFile; fileRef = 792E23AF27C13716004BE151 /* BookmarkedBooksViewModel.swift */; };
		792E23B227C1601E004BE151 /* ActivityIndicatorView.swift in Sources */ = {isa = PBXBuildFile; fileRef = 792E23B127C1601E004BE151 /* ActivityIndicatorView.swift */; };
		792E23B427C18B07004BE151 /* SpinnerViewController.swift in Sources */ = {isa = PBXBuildFile; fileRef = 792E23B327C18B07004BE151 /* SpinnerViewController.swift */; };
		792F481127B593F2000391C4 /* BookDetailViewController.swift in Sources */ = {isa = PBXBuildFile; fileRef = 792F481027B593F2000391C4 /* BookDetailViewController.swift */; };
		792F481327B59ADF000391C4 /* UIView+Extensions.swift in Sources */ = {isa = PBXBuildFile; fileRef = 792F481227B59ADF000391C4 /* UIView+Extensions.swift */; };
		792F481927B5E1DC000391C4 /* MainTabBarViewController.swift in Sources */ = {isa = PBXBuildFile; fileRef = 792F481827B5E1DC000391C4 /* MainTabBarViewController.swift */; };
		7937CBAF27B4036800F7FA1F /* Heebo-SemiBold.ttf in Resources */ = {isa = PBXBuildFile; fileRef = 7937CBAE27B4036800F7FA1F /* Heebo-SemiBold.ttf */; };
		7937CBB127B4037900F7FA1F /* Heebo-Regular.ttf in Resources */ = {isa = PBXBuildFile; fileRef = 7937CBB027B4037900F7FA1F /* Heebo-Regular.ttf */; };
		7937CBB327B403DB00F7FA1F /* UIFont+Extensions.swift in Sources */ = {isa = PBXBuildFile; fileRef = 7937CBB227B403DB00F7FA1F /* UIFont+Extensions.swift */; };
		7937CBB927B408C100F7FA1F /* Heebo-Medium.ttf in Resources */ = {isa = PBXBuildFile; fileRef = 7937CBB827B408C100F7FA1F /* Heebo-Medium.ttf */; };
		7937CBBB27B4219500F7FA1F /* Heebo-Light.ttf in Resources */ = {isa = PBXBuildFile; fileRef = 7937CBBA27B4219500F7FA1F /* Heebo-Light.ttf */; };
		7937CBBD27B43ADA00F7FA1F /* User.swift in Sources */ = {isa = PBXBuildFile; fileRef = 7937CBBC27B43ADA00F7FA1F /* User.swift */; };
		7937CBC227B4477400F7FA1F /* SDWebImage in Frameworks */ = {isa = PBXBuildFile; productRef = 7937CBC127B4477400F7FA1F /* SDWebImage */; };
		794021E627B98C360057A07E /* BookmarkedBooks.swift in Sources */ = {isa = PBXBuildFile; fileRef = 794021E527B98C360057A07E /* BookmarkedBooks.swift */; };
		794021E827B994E00057A07E /* UIStackView+Extensions.swift in Sources */ = {isa = PBXBuildFile; fileRef = 794021E727B994E00057A07E /* UIStackView+Extensions.swift */; };
		794021ED27B9BB7E0057A07E /* Roboto-Medium.ttf in Resources */ = {isa = PBXBuildFile; fileRef = 794021EB27B9BB7E0057A07E /* Roboto-Medium.ttf */; };
		794021EE27B9BB7E0057A07E /* Roboto-Regular.ttf in Resources */ = {isa = PBXBuildFile; fileRef = 794021EC27B9BB7E0057A07E /* Roboto-Regular.ttf */; };
		79446AFE27B69EB800B237B7 /* BookmarkedBooksViewController.swift in Sources */ = {isa = PBXBuildFile; fileRef = 79446AFD27B69EB800B237B7 /* BookmarkedBooksViewController.swift */; };
		79A1A09927AFF30B00C2E0E6 /* AppDelegate.swift in Sources */ = {isa = PBXBuildFile; fileRef = 79A1A09827AFF30B00C2E0E6 /* AppDelegate.swift */; };
		79A1A09B27AFF30B00C2E0E6 /* SceneDelegate.swift in Sources */ = {isa = PBXBuildFile; fileRef = 79A1A09A27AFF30B00C2E0E6 /* SceneDelegate.swift */; };
		79A1A0AD27AFF3C400C2E0E6 /* BooksCatalogueView.swift in Sources */ = {isa = PBXBuildFile; fileRef = 79A1A0AC27AFF3C400C2E0E6 /* BooksCatalogueView.swift */; };
		79A1A0AF27AFF60300C2E0E6 /* BookCatalogueViewController.swift in Sources */ = {isa = PBXBuildFile; fileRef = 79A1A0AE27AFF60300C2E0E6 /* BookCatalogueViewController.swift */; };
		79A1A0B227B00D8600C2E0E6 /* NavigationTitleView.swift in Sources */ = {isa = PBXBuildFile; fileRef = 79A1A0B127B00D8600C2E0E6 /* NavigationTitleView.swift */; };
		79A1A0B427B0145D00C2E0E6 /* PageDescriptionView.swift in Sources */ = {isa = PBXBuildFile; fileRef = 79A1A0B327B0145D00C2E0E6 /* PageDescriptionView.swift */; };
		79A1A0B827B0424900C2E0E6 /* BookContainerView.swift in Sources */ = {isa = PBXBuildFile; fileRef = 79A1A0B727B0424900C2E0E6 /* BookContainerView.swift */; };
		79A1A0BA27B0549800C2E0E6 /* Assets.xcassets in Resources */ = {isa = PBXBuildFile; fileRef = 79A1A0B927B0549800C2E0E6 /* Assets.xcassets */; };
		79A8305A27B34D7E00860D7C /* BookDetailView.swift in Sources */ = {isa = PBXBuildFile; fileRef = 79A8305927B34D7E00860D7C /* BookDetailView.swift */; };
		79EF0A7127BD1C8B00EEA0ED /* SearchbarView.swift in Sources */ = {isa = PBXBuildFile; fileRef = 79EF0A7027BD1C8B00EEA0ED /* SearchbarView.swift */; };
		79EF0A7327BD86D500EEA0ED /* LoginViewModel.swift in Sources */ = {isa = PBXBuildFile; fileRef = 79EF0A7227BD86D500EEA0ED /* LoginViewModel.swift */; };
		79EF0A7527BD9F6500EEA0ED /* UIImage+Extensions.swift in Sources */ = {isa = PBXBuildFile; fileRef = 79EF0A7427BD9F6500EEA0ED /* UIImage+Extensions.swift */; };
		79F5B73827B137BF00EBEB6A /* Book.swift in Sources */ = {isa = PBXBuildFile; fileRef = 79F5B73727B137BF00EBEB6A /* Book.swift */; };
		79F5B73A27B2AFDC00EBEB6A /* LoginViewController.swift in Sources */ = {isa = PBXBuildFile; fileRef = 79F5B73927B2AFDC00EBEB6A /* LoginViewController.swift */; };
		79F5B73E27B2C52900EBEB6A /* Constants.swift in Sources */ = {isa = PBXBuildFile; fileRef = 79F5B73D27B2C52900EBEB6A /* Constants.swift */; };
		79F5B74027B2DA3C00EBEB6A /* LoginFormView.swift in Sources */ = {isa = PBXBuildFile; fileRef = 79F5B73F27B2DA3C00EBEB6A /* LoginFormView.swift */; };
		79F69B1F27D6E2E500912476 /* BookCell.swift in Sources */ = {isa = PBXBuildFile; fileRef = 79F69B1E27D6E2E500912476 /* BookCell.swift */; };
		79F9608527BBCF9F00561EA3 /* BookDetailViewModel.swift in Sources */ = {isa = PBXBuildFile; fileRef = 79F9608427BBCF9F00561EA3 /* BookDetailViewModel.swift */; };
		79F9608727BBDD0D00561EA3 /* BookTableInfoView.swift in Sources */ = {isa = PBXBuildFile; fileRef = 79F9608627BBDD0D00561EA3 /* BookTableInfoView.swift */; };
		79F9608C27BBF41200561EA3 /* Network.swift in Sources */ = {isa = PBXBuildFile; fileRef = 79F9608B27BBF41200561EA3 /* Network.swift */; };
		79F9608E27BC315900561EA3 /* BookViewModel.swift in Sources */ = {isa = PBXBuildFile; fileRef = 79F9608D27BC315900561EA3 /* BookViewModel.swift */; };
/* End PBXBuildFile section */

/* Begin PBXFileReference section */
		790A56B327BA82C30090F002 /* MainLogoView.swift */ = {isa = PBXFileReference; lastKnownFileType = sourcecode.swift; path = MainLogoView.swift; sourceTree = "<group>"; };
		790A56B727BA97B00090F002 /* LoginView.swift */ = {isa = PBXFileReference; lastKnownFileType = sourcecode.swift; path = LoginView.swift; sourceTree = "<group>"; };
		792E23A227BE7C68004BE151 /* Launch Screen.storyboard */ = {isa = PBXFileReference; lastKnownFileType = file.storyboard; path = "Launch Screen.storyboard"; sourceTree = "<group>"; };
		792E23A427BE9739004BE151 /* UIColor+Extensions.swift */ = {isa = PBXFileReference; lastKnownFileType = sourcecode.swift; path = "UIColor+Extensions.swift"; sourceTree = "<group>"; };
		792E23A627BE97B9004BE151 /* CGColor+Extensions.swift */ = {isa = PBXFileReference; lastKnownFileType = sourcecode.swift; path = "CGColor+Extensions.swift"; sourceTree = "<group>"; };
		792E23AB27BFC50F004BE151 /* BookCatalogueViewModel.swift */ = {isa = PBXFileReference; lastKnownFileType = sourcecode.swift; path = BookCatalogueViewModel.swift; sourceTree = "<group>"; };
		792E23AD27BFCF57004BE151 /* UserViewModel.swift */ = {isa = PBXFileReference; lastKnownFileType = sourcecode.swift; path = UserViewModel.swift; sourceTree = "<group>"; };
		792E23AF27C13716004BE151 /* BookmarkedBooksViewModel.swift */ = {isa = PBXFileReference; lastKnownFileType = sourcecode.swift; path = BookmarkedBooksViewModel.swift; sourceTree = "<group>"; };
		792E23B127C1601E004BE151 /* ActivityIndicatorView.swift */ = {isa = PBXFileReference; lastKnownFileType = sourcecode.swift; path = ActivityIndicatorView.swift; sourceTree = "<group>"; };
		792E23B327C18B07004BE151 /* SpinnerViewController.swift */ = {isa = PBXFileReference; lastKnownFileType = sourcecode.swift; path = SpinnerViewController.swift; sourceTree = "<group>"; };
		792F481027B593F2000391C4 /* BookDetailViewController.swift */ = {isa = PBXFileReference; lastKnownFileType = sourcecode.swift; path = BookDetailViewController.swift; sourceTree = "<group>"; };
		792F481227B59ADF000391C4 /* UIView+Extensions.swift */ = {isa = PBXFileReference; lastKnownFileType = sourcecode.swift; path = "UIView+Extensions.swift"; sourceTree = "<group>"; };
		792F481827B5E1DC000391C4 /* MainTabBarViewController.swift */ = {isa = PBXFileReference; lastKnownFileType = sourcecode.swift; path = MainTabBarViewController.swift; sourceTree = "<group>"; };
		7937CBAE27B4036800F7FA1F /* Heebo-SemiBold.ttf */ = {isa = PBXFileReference; lastKnownFileType = file; path = "Heebo-SemiBold.ttf"; sourceTree = "<group>"; };
		7937CBB027B4037900F7FA1F /* Heebo-Regular.ttf */ = {isa = PBXFileReference; lastKnownFileType = file; path = "Heebo-Regular.ttf"; sourceTree = "<group>"; };
		7937CBB227B403DB00F7FA1F /* UIFont+Extensions.swift */ = {isa = PBXFileReference; lastKnownFileType = sourcecode.swift; path = "UIFont+Extensions.swift"; sourceTree = "<group>"; };
		7937CBB827B408C100F7FA1F /* Heebo-Medium.ttf */ = {isa = PBXFileReference; lastKnownFileType = file; path = "Heebo-Medium.ttf"; sourceTree = "<group>"; };
		7937CBBA27B4219500F7FA1F /* Heebo-Light.ttf */ = {isa = PBXFileReference; lastKnownFileType = file; path = "Heebo-Light.ttf"; sourceTree = "<group>"; };
		7937CBBC27B43ADA00F7FA1F /* User.swift */ = {isa = PBXFileReference; lastKnownFileType = sourcecode.swift; path = User.swift; sourceTree = "<group>"; };
		794021E527B98C360057A07E /* BookmarkedBooks.swift */ = {isa = PBXFileReference; lastKnownFileType = sourcecode.swift; path = BookmarkedBooks.swift; sourceTree = "<group>"; };
		794021E727B994E00057A07E /* UIStackView+Extensions.swift */ = {isa = PBXFileReference; lastKnownFileType = sourcecode.swift; path = "UIStackView+Extensions.swift"; sourceTree = "<group>"; };
		794021EB27B9BB7E0057A07E /* Roboto-Medium.ttf */ = {isa = PBXFileReference; lastKnownFileType = file; path = "Roboto-Medium.ttf"; sourceTree = "<group>"; };
		794021EC27B9BB7E0057A07E /* Roboto-Regular.ttf */ = {isa = PBXFileReference; lastKnownFileType = file; path = "Roboto-Regular.ttf"; sourceTree = "<group>"; };
		79446AFD27B69EB800B237B7 /* BookmarkedBooksViewController.swift */ = {isa = PBXFileReference; lastKnownFileType = sourcecode.swift; path = BookmarkedBooksViewController.swift; sourceTree = "<group>"; };
		79A1A09527AFF30B00C2E0E6 /* ioasys books.app */ = {isa = PBXFileReference; explicitFileType = wrapper.application; includeInIndex = 0; path = "ioasys books.app"; sourceTree = BUILT_PRODUCTS_DIR; };
		79A1A09827AFF30B00C2E0E6 /* AppDelegate.swift */ = {isa = PBXFileReference; lastKnownFileType = sourcecode.swift; path = AppDelegate.swift; sourceTree = "<group>"; };
		79A1A09A27AFF30B00C2E0E6 /* SceneDelegate.swift */ = {isa = PBXFileReference; lastKnownFileType = sourcecode.swift; path = SceneDelegate.swift; sourceTree = "<group>"; };
		79A1A0A627AFF30C00C2E0E6 /* Info.plist */ = {isa = PBXFileReference; lastKnownFileType = text.plist.xml; path = Info.plist; sourceTree = "<group>"; };
		79A1A0AC27AFF3C400C2E0E6 /* BooksCatalogueView.swift */ = {isa = PBXFileReference; lastKnownFileType = sourcecode.swift; path = BooksCatalogueView.swift; sourceTree = "<group>"; };
		79A1A0AE27AFF60300C2E0E6 /* BookCatalogueViewController.swift */ = {isa = PBXFileReference; lastKnownFileType = sourcecode.swift; path = BookCatalogueViewController.swift; sourceTree = "<group>"; };
		79A1A0B127B00D8600C2E0E6 /* NavigationTitleView.swift */ = {isa = PBXFileReference; lastKnownFileType = sourcecode.swift; path = NavigationTitleView.swift; sourceTree = "<group>"; };
		79A1A0B327B0145D00C2E0E6 /* PageDescriptionView.swift */ = {isa = PBXFileReference; lastKnownFileType = sourcecode.swift; path = PageDescriptionView.swift; sourceTree = "<group>"; };
		79A1A0B727B0424900C2E0E6 /* BookContainerView.swift */ = {isa = PBXFileReference; lastKnownFileType = sourcecode.swift; path = BookContainerView.swift; sourceTree = "<group>"; };
		79A1A0B927B0549800C2E0E6 /* Assets.xcassets */ = {isa = PBXFileReference; lastKnownFileType = folder.assetcatalog; path = Assets.xcassets; sourceTree = "<group>"; };
		79A8305927B34D7E00860D7C /* BookDetailView.swift */ = {isa = PBXFileReference; lastKnownFileType = sourcecode.swift; path = BookDetailView.swift; sourceTree = "<group>"; };
		79EF0A7027BD1C8B00EEA0ED /* SearchbarView.swift */ = {isa = PBXFileReference; lastKnownFileType = sourcecode.swift; path = SearchbarView.swift; sourceTree = "<group>"; };
		79EF0A7227BD86D500EEA0ED /* LoginViewModel.swift */ = {isa = PBXFileReference; lastKnownFileType = sourcecode.swift; path = LoginViewModel.swift; sourceTree = "<group>"; };
		79EF0A7427BD9F6500EEA0ED /* UIImage+Extensions.swift */ = {isa = PBXFileReference; lastKnownFileType = sourcecode.swift; path = "UIImage+Extensions.swift"; sourceTree = "<group>"; };
		79F5B73727B137BF00EBEB6A /* Book.swift */ = {isa = PBXFileReference; lastKnownFileType = sourcecode.swift; path = Book.swift; sourceTree = "<group>"; };
		79F5B73927B2AFDC00EBEB6A /* LoginViewController.swift */ = {isa = PBXFileReference; lastKnownFileType = sourcecode.swift; path = LoginViewController.swift; sourceTree = "<group>"; };
		79F5B73D27B2C52900EBEB6A /* Constants.swift */ = {isa = PBXFileReference; lastKnownFileType = sourcecode.swift; path = Constants.swift; sourceTree = "<group>"; };
		79F5B73F27B2DA3C00EBEB6A /* LoginFormView.swift */ = {isa = PBXFileReference; lastKnownFileType = sourcecode.swift; path = LoginFormView.swift; sourceTree = "<group>"; };
		79F69B1E27D6E2E500912476 /* BookCell.swift */ = {isa = PBXFileReference; lastKnownFileType = sourcecode.swift; path = BookCell.swift; sourceTree = "<group>"; };
		79F9608427BBCF9F00561EA3 /* BookDetailViewModel.swift */ = {isa = PBXFileReference; lastKnownFileType = sourcecode.swift; path = BookDetailViewModel.swift; sourceTree = "<group>"; };
		79F9608627BBDD0D00561EA3 /* BookTableInfoView.swift */ = {isa = PBXFileReference; lastKnownFileType = sourcecode.swift; path = BookTableInfoView.swift; sourceTree = "<group>"; };
		79F9608B27BBF41200561EA3 /* Network.swift */ = {isa = PBXFileReference; lastKnownFileType = sourcecode.swift; path = Network.swift; sourceTree = "<group>"; };
		79F9608D27BC315900561EA3 /* BookViewModel.swift */ = {isa = PBXFileReference; lastKnownFileType = sourcecode.swift; path = BookViewModel.swift; sourceTree = "<group>"; };
/* End PBXFileReference section */

/* Begin PBXFrameworksBuildPhase section */
		79A1A09227AFF30B00C2E0E6 /* Frameworks */ = {
			isa = PBXFrameworksBuildPhase;
			buildActionMask = 2147483647;
			files = (
				7937CBC227B4477400F7FA1F /* SDWebImage in Frameworks */,
			);
			runOnlyForDeploymentPostprocessing = 0;
		};
/* End PBXFrameworksBuildPhase section */

/* Begin PBXGroup section */
		7937CBA827B4004900F7FA1F /* Fonts */ = {
			isa = PBXGroup;
			children = (
				794021E927B9BB540057A07E /* Heebo */,
				794021EA27B9BB6B0057A07E /* Roboto */,
			);
			path = Fonts;
			sourceTree = "<group>";
		};
		7937CBB427B405EF00F7FA1F /* Extension */ = {
			isa = PBXGroup;
			children = (
				792E23A627BE97B9004BE151 /* CGColor+Extensions.swift */,
				792E23A427BE9739004BE151 /* UIColor+Extensions.swift */,
				7937CBB227B403DB00F7FA1F /* UIFont+Extensions.swift */,
				79EF0A7427BD9F6500EEA0ED /* UIImage+Extensions.swift */,
				794021E727B994E00057A07E /* UIStackView+Extensions.swift */,
				792F481227B59ADF000391C4 /* UIView+Extensions.swift */,
			);
			path = Extension;
			sourceTree = "<group>";
		};
		7937CBB527B4067A00F7FA1F /* Controller */ = {
			isa = PBXGroup;
			children = (
				79A1A0AE27AFF60300C2E0E6 /* BookCatalogueViewController.swift */,
				792F481027B593F2000391C4 /* BookDetailViewController.swift */,
				79446AFD27B69EB800B237B7 /* BookmarkedBooksViewController.swift */,
				79F5B73927B2AFDC00EBEB6A /* LoginViewController.swift */,
				792F481827B5E1DC000391C4 /* MainTabBarViewController.swift */,
				792E23B327C18B07004BE151 /* SpinnerViewController.swift */,
			);
			path = Controller;
			sourceTree = "<group>";
		};
		7937CBB627B4068100F7FA1F /* Model */ = {
			isa = PBXGroup;
			children = (
				79F5B73727B137BF00EBEB6A /* Book.swift */,
				794021E527B98C360057A07E /* BookmarkedBooks.swift */,
				7937CBBC27B43ADA00F7FA1F /* User.swift */,
			);
			path = Model;
			sourceTree = "<group>";
		};
		7937CBB727B4069A00F7FA1F /* System Delegate */ = {
			isa = PBXGroup;
			children = (
				79A1A09827AFF30B00C2E0E6 /* AppDelegate.swift */,
				79A1A09A27AFF30B00C2E0E6 /* SceneDelegate.swift */,
			);
			path = "System Delegate";
			sourceTree = "<group>";
		};
		794021E927B9BB540057A07E /* Heebo */ = {
			isa = PBXGroup;
			children = (
				7937CBBA27B4219500F7FA1F /* Heebo-Light.ttf */,
				7937CBB827B408C100F7FA1F /* Heebo-Medium.ttf */,
				7937CBB027B4037900F7FA1F /* Heebo-Regular.ttf */,
				7937CBAE27B4036800F7FA1F /* Heebo-SemiBold.ttf */,
			);
			path = Heebo;
			sourceTree = "<group>";
		};
		794021EA27B9BB6B0057A07E /* Roboto */ = {
			isa = PBXGroup;
			children = (
				794021EB27B9BB7E0057A07E /* Roboto-Medium.ttf */,
				794021EC27B9BB7E0057A07E /* Roboto-Regular.ttf */,
			);
			path = Roboto;
			sourceTree = "<group>";
		};
		79A1A08C27AFF30B00C2E0E6 = {
			isa = PBXGroup;
			children = (
				79A1A09727AFF30B00C2E0E6 /* ioasys books */,
				79A1A09627AFF30B00C2E0E6 /* Products */,
			);
			sourceTree = "<group>";
		};
		79A1A09627AFF30B00C2E0E6 /* Products */ = {
			isa = PBXGroup;
			children = (
				79A1A09527AFF30B00C2E0E6 /* ioasys books.app */,
			);
			name = Products;
			sourceTree = "<group>";
		};
		79A1A09727AFF30B00C2E0E6 /* ioasys books */ = {
			isa = PBXGroup;
			children = (
				79A1A0B927B0549800C2E0E6 /* Assets.xcassets */,
				7937CBB427B405EF00F7FA1F /* Extension */,
				7937CBA827B4004900F7FA1F /* Fonts */,
				79A1A0A627AFF30C00C2E0E6 /* Info.plist */,
				7937CBB627B4068100F7FA1F /* Model */,
				79F9608A27BBE50300561EA3 /* Service */,
				7937CBB727B4069A00F7FA1F /* System Delegate */,
				79A1A0B027B00D2000C2E0E6 /* View */,
				79F9608327BB105B00561EA3 /* ViewModel */,
			);
			path = "ioasys books";
			sourceTree = "<group>";
		};
		79A1A0B027B00D2000C2E0E6 /* View */ = {
			isa = PBXGroup;
			children = (
				792E23B127C1601E004BE151 /* ActivityIndicatorView.swift */,
				79F69B1E27D6E2E500912476 /* BookCell.swift */,
				79A1A0B727B0424900C2E0E6 /* BookContainerView.swift */,
				79A8305927B34D7E00860D7C /* BookDetailView.swift */,
				79A1A0AC27AFF3C400C2E0E6 /* BooksCatalogueView.swift */,
				79F9608627BBDD0D00561EA3 /* BookTableInfoView.swift */,
				7937CBB527B4067A00F7FA1F /* Controller */,
				792E23A227BE7C68004BE151 /* Launch Screen.storyboard */,
				79F5B73F27B2DA3C00EBEB6A /* LoginFormView.swift */,
				790A56B727BA97B00090F002 /* LoginView.swift */,
				790A56B327BA82C30090F002 /* MainLogoView.swift */,
				79A1A0B127B00D8600C2E0E6 /* NavigationTitleView.swift */,
				79A1A0B327B0145D00C2E0E6 /* PageDescriptionView.swift */,
				79EF0A7027BD1C8B00EEA0ED /* SearchbarView.swift */,
			);
			path = View;
			sourceTree = "<group>";
		};
		79F9608327BB105B00561EA3 /* ViewModel */ = {
			isa = PBXGroup;
			children = (
				792E23AB27BFC50F004BE151 /* BookCatalogueViewModel.swift */,
				79F9608427BBCF9F00561EA3 /* BookDetailViewModel.swift */,
				792E23AF27C13716004BE151 /* BookmarkedBooksViewModel.swift */,
				79F9608D27BC315900561EA3 /* BookViewModel.swift */,
				79EF0A7227BD86D500EEA0ED /* LoginViewModel.swift */,
				792E23AD27BFCF57004BE151 /* UserViewModel.swift */,
			);
			path = ViewModel;
			sourceTree = "<group>";
		};
		79F9608A27BBE50300561EA3 /* Service */ = {
			isa = PBXGroup;
			children = (
				79F5B73D27B2C52900EBEB6A /* Constants.swift */,
				79F9608B27BBF41200561EA3 /* Network.swift */,
			);
			path = Service;
			sourceTree = "<group>";
		};
/* End PBXGroup section */

/* Begin PBXNativeTarget section */
		79A1A09427AFF30B00C2E0E6 /* ioasys books */ = {
			isa = PBXNativeTarget;
			buildConfigurationList = 79A1A0A927AFF30C00C2E0E6 /* Build configuration list for PBXNativeTarget "ioasys books" */;
			buildPhases = (
				79A1A09127AFF30B00C2E0E6 /* Sources */,
				79A1A09227AFF30B00C2E0E6 /* Frameworks */,
				79A1A09327AFF30B00C2E0E6 /* Resources */,
			);
			buildRules = (
			);
			dependencies = (
			);
			name = "ioasys books";
			packageProductDependencies = (
				7937CBC127B4477400F7FA1F /* SDWebImage */,
			);
			productName = "ioasys books";
			productReference = 79A1A09527AFF30B00C2E0E6 /* ioasys books.app */;
			productType = "com.apple.product-type.application";
		};
/* End PBXNativeTarget section */

/* Begin PBXProject section */
		79A1A08D27AFF30B00C2E0E6 /* Project object */ = {
			isa = PBXProject;
			attributes = {
				BuildIndependentTargetsInParallel = 1;
				LastSwiftUpdateCheck = 1300;
				LastUpgradeCheck = 1300;
				TargetAttributes = {
					79A1A09427AFF30B00C2E0E6 = {
						CreatedOnToolsVersion = 13.0;
					};
				};
			};
			buildConfigurationList = 79A1A09027AFF30B00C2E0E6 /* Build configuration list for PBXProject "ioasys books" */;
			compatibilityVersion = "Xcode 13.0";
			developmentRegion = en;
			hasScannedForEncodings = 0;
			knownRegions = (
				en,
				Base,
			);
			mainGroup = 79A1A08C27AFF30B00C2E0E6;
			packageReferences = (
				7937CBC027B4477300F7FA1F /* XCRemoteSwiftPackageReference "SDWebImage" */,
			);
			productRefGroup = 79A1A09627AFF30B00C2E0E6 /* Products */;
			projectDirPath = "";
			projectRoot = "";
			targets = (
				79A1A09427AFF30B00C2E0E6 /* ioasys books */,
			);
		};
/* End PBXProject section */

/* Begin PBXResourcesBuildPhase section */
		79A1A09327AFF30B00C2E0E6 /* Resources */ = {
			isa = PBXResourcesBuildPhase;
			buildActionMask = 2147483647;
			files = (
				7937CBB127B4037900F7FA1F /* Heebo-Regular.ttf in Resources */,
				792E23A327BE7C68004BE151 /* Launch Screen.storyboard in Resources */,
				794021EE27B9BB7E0057A07E /* Roboto-Regular.ttf in Resources */,
				7937CBAF27B4036800F7FA1F /* Heebo-SemiBold.ttf in Resources */,
				794021ED27B9BB7E0057A07E /* Roboto-Medium.ttf in Resources */,
				7937CBB927B408C100F7FA1F /* Heebo-Medium.ttf in Resources */,
				7937CBBB27B4219500F7FA1F /* Heebo-Light.ttf in Resources */,
				79A1A0BA27B0549800C2E0E6 /* Assets.xcassets in Resources */,
			);
			runOnlyForDeploymentPostprocessing = 0;
		};
/* End PBXResourcesBuildPhase section */

/* Begin PBXSourcesBuildPhase section */
		79A1A09127AFF30B00C2E0E6 /* Sources */ = {
			isa = PBXSourcesBuildPhase;
			buildActionMask = 2147483647;
			files = (
				79A1A0AF27AFF60300C2E0E6 /* BookCatalogueViewController.swift in Sources */,
				794021E827B994E00057A07E /* UIStackView+Extensions.swift in Sources */,
				792F481127B593F2000391C4 /* BookDetailViewController.swift in Sources */,
				790A56B827BA97B00090F002 /* LoginView.swift in Sources */,
				79F9608727BBDD0D00561EA3 /* BookTableInfoView.swift in Sources */,
				79EF0A7327BD86D500EEA0ED /* LoginViewModel.swift in Sources */,
				79A1A09927AFF30B00C2E0E6 /* AppDelegate.swift in Sources */,
				794021E627B98C360057A07E /* BookmarkedBooks.swift in Sources */,
				792F481327B59ADF000391C4 /* UIView+Extensions.swift in Sources */,
				79F5B73827B137BF00EBEB6A /* Book.swift in Sources */,
				7937CBBD27B43ADA00F7FA1F /* User.swift in Sources */,
				792E23A527BE9739004BE151 /* UIColor+Extensions.swift in Sources */,
				79F9608C27BBF41200561EA3 /* Network.swift in Sources */,
				79F69B1F27D6E2E500912476 /* BookCell.swift in Sources */,
				79EF0A7127BD1C8B00EEA0ED /* SearchbarView.swift in Sources */,
				792E23B227C1601E004BE151 /* ActivityIndicatorView.swift in Sources */,
				79A1A0B827B0424900C2E0E6 /* BookContainerView.swift in Sources */,
				79A1A0B227B00D8600C2E0E6 /* NavigationTitleView.swift in Sources */,
				792E23B427C18B07004BE151 /* SpinnerViewController.swift in Sources */,
				792E23AC27BFC50F004BE151 /* BookCatalogueViewModel.swift in Sources */,
				79446AFE27B69EB800B237B7 /* BookmarkedBooksViewController.swift in Sources */,
				79A8305A27B34D7E00860D7C /* BookDetailView.swift in Sources */,
				79F9608527BBCF9F00561EA3 /* BookDetailViewModel.swift in Sources */,
				79A1A0B427B0145D00C2E0E6 /* PageDescriptionView.swift in Sources */,
				792F481927B5E1DC000391C4 /* MainTabBarViewController.swift in Sources */,
				7937CBB327B403DB00F7FA1F /* UIFont+Extensions.swift in Sources */,
				792E23A727BE97B9004BE151 /* CGColor+Extensions.swift in Sources */,
				79A1A09B27AFF30B00C2E0E6 /* SceneDelegate.swift in Sources */,
				79F5B73A27B2AFDC00EBEB6A /* LoginViewController.swift in Sources */,
				79F9608E27BC315900561EA3 /* BookViewModel.swift in Sources */,
				79A1A0AD27AFF3C400C2E0E6 /* BooksCatalogueView.swift in Sources */,
				792E23B027C13716004BE151 /* BookmarkedBooksViewModel.swift in Sources */,
				79F5B74027B2DA3C00EBEB6A /* LoginFormView.swift in Sources */,
				79F5B73E27B2C52900EBEB6A /* Constants.swift in Sources */,
				792E23AE27BFCF57004BE151 /* UserViewModel.swift in Sources */,
				790A56B427BA82C30090F002 /* MainLogoView.swift in Sources */,
				79EF0A7527BD9F6500EEA0ED /* UIImage+Extensions.swift in Sources */,
			);
			runOnlyForDeploymentPostprocessing = 0;
		};
/* End PBXSourcesBuildPhase section */

/* Begin XCBuildConfiguration section */
		79A1A0A727AFF30C00C2E0E6 /* Debug */ = {
			isa = XCBuildConfiguration;
			buildSettings = {
				ALWAYS_SEARCH_USER_PATHS = NO;
				CLANG_ANALYZER_NONNULL = YES;
				CLANG_ANALYZER_NUMBER_OBJECT_CONVERSION = YES_AGGRESSIVE;
				CLANG_CXX_LANGUAGE_STANDARD = "gnu++17";
				CLANG_CXX_LIBRARY = "libc++";
				CLANG_ENABLE_MODULES = YES;
				CLANG_ENABLE_OBJC_ARC = YES;
				CLANG_ENABLE_OBJC_WEAK = YES;
				CLANG_WARN_BLOCK_CAPTURE_AUTORELEASING = YES;
				CLANG_WARN_BOOL_CONVERSION = YES;
				CLANG_WARN_COMMA = YES;
				CLANG_WARN_CONSTANT_CONVERSION = YES;
				CLANG_WARN_DEPRECATED_OBJC_IMPLEMENTATIONS = YES;
				CLANG_WARN_DIRECT_OBJC_ISA_USAGE = YES_ERROR;
				CLANG_WARN_DOCUMENTATION_COMMENTS = YES;
				CLANG_WARN_EMPTY_BODY = YES;
				CLANG_WARN_ENUM_CONVERSION = YES;
				CLANG_WARN_INFINITE_RECURSION = YES;
				CLANG_WARN_INT_CONVERSION = YES;
				CLANG_WARN_NON_LITERAL_NULL_CONVERSION = YES;
				CLANG_WARN_OBJC_IMPLICIT_RETAIN_SELF = YES;
				CLANG_WARN_OBJC_LITERAL_CONVERSION = YES;
				CLANG_WARN_OBJC_ROOT_CLASS = YES_ERROR;
				CLANG_WARN_QUOTED_INCLUDE_IN_FRAMEWORK_HEADER = YES;
				CLANG_WARN_RANGE_LOOP_ANALYSIS = YES;
				CLANG_WARN_STRICT_PROTOTYPES = YES;
				CLANG_WARN_SUSPICIOUS_MOVE = YES;
				CLANG_WARN_UNGUARDED_AVAILABILITY = YES_AGGRESSIVE;
				CLANG_WARN_UNREACHABLE_CODE = YES;
				CLANG_WARN__DUPLICATE_METHOD_MATCH = YES;
				COPY_PHASE_STRIP = NO;
				DEBUG_INFORMATION_FORMAT = dwarf;
				ENABLE_STRICT_OBJC_MSGSEND = YES;
				ENABLE_TESTABILITY = YES;
				GCC_C_LANGUAGE_STANDARD = gnu11;
				GCC_DYNAMIC_NO_PIC = NO;
				GCC_NO_COMMON_BLOCKS = YES;
				GCC_OPTIMIZATION_LEVEL = 0;
				GCC_PREPROCESSOR_DEFINITIONS = (
					"DEBUG=1",
					"$(inherited)",
				);
				GCC_WARN_64_TO_32_BIT_CONVERSION = YES;
				GCC_WARN_ABOUT_RETURN_TYPE = YES_ERROR;
				GCC_WARN_UNDECLARED_SELECTOR = YES;
				GCC_WARN_UNINITIALIZED_AUTOS = YES_AGGRESSIVE;
				GCC_WARN_UNUSED_FUNCTION = YES;
				GCC_WARN_UNUSED_VARIABLE = YES;
				IPHONEOS_DEPLOYMENT_TARGET = 15.0;
				MTL_ENABLE_DEBUG_INFO = INCLUDE_SOURCE;
				MTL_FAST_MATH = YES;
				ONLY_ACTIVE_ARCH = YES;
				SDKROOT = iphoneos;
				SWIFT_ACTIVE_COMPILATION_CONDITIONS = DEBUG;
				SWIFT_OPTIMIZATION_LEVEL = "-Onone";
			};
			name = Debug;
		};
		79A1A0A827AFF30C00C2E0E6 /* Release */ = {
			isa = XCBuildConfiguration;
			buildSettings = {
				ALWAYS_SEARCH_USER_PATHS = NO;
				CLANG_ANALYZER_NONNULL = YES;
				CLANG_ANALYZER_NUMBER_OBJECT_CONVERSION = YES_AGGRESSIVE;
				CLANG_CXX_LANGUAGE_STANDARD = "gnu++17";
				CLANG_CXX_LIBRARY = "libc++";
				CLANG_ENABLE_MODULES = YES;
				CLANG_ENABLE_OBJC_ARC = YES;
				CLANG_ENABLE_OBJC_WEAK = YES;
				CLANG_WARN_BLOCK_CAPTURE_AUTORELEASING = YES;
				CLANG_WARN_BOOL_CONVERSION = YES;
				CLANG_WARN_COMMA = YES;
				CLANG_WARN_CONSTANT_CONVERSION = YES;
				CLANG_WARN_DEPRECATED_OBJC_IMPLEMENTATIONS = YES;
				CLANG_WARN_DIRECT_OBJC_ISA_USAGE = YES_ERROR;
				CLANG_WARN_DOCUMENTATION_COMMENTS = YES;
				CLANG_WARN_EMPTY_BODY = YES;
				CLANG_WARN_ENUM_CONVERSION = YES;
				CLANG_WARN_INFINITE_RECURSION = YES;
				CLANG_WARN_INT_CONVERSION = YES;
				CLANG_WARN_NON_LITERAL_NULL_CONVERSION = YES;
				CLANG_WARN_OBJC_IMPLICIT_RETAIN_SELF = YES;
				CLANG_WARN_OBJC_LITERAL_CONVERSION = YES;
				CLANG_WARN_OBJC_ROOT_CLASS = YES_ERROR;
				CLANG_WARN_QUOTED_INCLUDE_IN_FRAMEWORK_HEADER = YES;
				CLANG_WARN_RANGE_LOOP_ANALYSIS = YES;
				CLANG_WARN_STRICT_PROTOTYPES = YES;
				CLANG_WARN_SUSPICIOUS_MOVE = YES;
				CLANG_WARN_UNGUARDED_AVAILABILITY = YES_AGGRESSIVE;
				CLANG_WARN_UNREACHABLE_CODE = YES;
				CLANG_WARN__DUPLICATE_METHOD_MATCH = YES;
				COPY_PHASE_STRIP = NO;
				DEBUG_INFORMATION_FORMAT = "dwarf-with-dsym";
				ENABLE_NS_ASSERTIONS = NO;
				ENABLE_STRICT_OBJC_MSGSEND = YES;
				GCC_C_LANGUAGE_STANDARD = gnu11;
				GCC_NO_COMMON_BLOCKS = YES;
				GCC_WARN_64_TO_32_BIT_CONVERSION = YES;
				GCC_WARN_ABOUT_RETURN_TYPE = YES_ERROR;
				GCC_WARN_UNDECLARED_SELECTOR = YES;
				GCC_WARN_UNINITIALIZED_AUTOS = YES_AGGRESSIVE;
				GCC_WARN_UNUSED_FUNCTION = YES;
				GCC_WARN_UNUSED_VARIABLE = YES;
				IPHONEOS_DEPLOYMENT_TARGET = 15.0;
				MTL_ENABLE_DEBUG_INFO = NO;
				MTL_FAST_MATH = YES;
				SDKROOT = iphoneos;
				SWIFT_COMPILATION_MODE = wholemodule;
				SWIFT_OPTIMIZATION_LEVEL = "-O";
				VALIDATE_PRODUCT = YES;
			};
			name = Release;
		};
		79A1A0AA27AFF30C00C2E0E6 /* Debug */ = {
			isa = XCBuildConfiguration;
			buildSettings = {
				ASSETCATALOG_COMPILER_APPICON_NAME = AppIcon;
				ASSETCATALOG_COMPILER_GLOBAL_ACCENT_COLOR_NAME = AccentColor;
				CODE_SIGN_STYLE = Automatic;
				CURRENT_PROJECT_VERSION = 1;
				DEVELOPMENT_TEAM = QNHX86K7F4;
				GENERATE_INFOPLIST_FILE = YES;
				INFOPLIST_FILE = "ioasys books/Info.plist";
				INFOPLIST_KEY_UIApplicationSupportsIndirectInputEvents = YES;
				INFOPLIST_KEY_UILaunchStoryboardName = "Launch Screen";
				INFOPLIST_KEY_UISupportedInterfaceOrientations_iPad = "UIInterfaceOrientationPortrait UIInterfaceOrientationPortraitUpsideDown UIInterfaceOrientationLandscapeLeft UIInterfaceOrientationLandscapeRight";
				INFOPLIST_KEY_UISupportedInterfaceOrientations_iPhone = "UIInterfaceOrientationPortrait UIInterfaceOrientationLandscapeLeft UIInterfaceOrientationLandscapeRight";
				LD_RUNPATH_SEARCH_PATHS = (
					"$(inherited)",
					"@executable_path/Frameworks",
				);
				MARKETING_VERSION = 1.0;
				PRODUCT_BUNDLE_IDENTIFIER = "com.colen.victor.ioasys-books";
				PRODUCT_NAME = "$(TARGET_NAME)";
				SWIFT_EMIT_LOC_STRINGS = YES;
				SWIFT_VERSION = 5.0;
				TARGETED_DEVICE_FAMILY = "1,2";
			};
			name = Debug;
		};
		79A1A0AB27AFF30C00C2E0E6 /* Release */ = {
			isa = XCBuildConfiguration;
			buildSettings = {
				ASSETCATALOG_COMPILER_APPICON_NAME = AppIcon;
				ASSETCATALOG_COMPILER_GLOBAL_ACCENT_COLOR_NAME = AccentColor;
				CODE_SIGN_STYLE = Automatic;
				CURRENT_PROJECT_VERSION = 1;
				DEVELOPMENT_TEAM = QNHX86K7F4;
				GENERATE_INFOPLIST_FILE = YES;
				INFOPLIST_FILE = "ioasys books/Info.plist";
				INFOPLIST_KEY_UIApplicationSupportsIndirectInputEvents = YES;
				INFOPLIST_KEY_UILaunchStoryboardName = "Launch Screen";
				INFOPLIST_KEY_UISupportedInterfaceOrientations_iPad = "UIInterfaceOrientationPortrait UIInterfaceOrientationPortraitUpsideDown UIInterfaceOrientationLandscapeLeft UIInterfaceOrientationLandscapeRight";
				INFOPLIST_KEY_UISupportedInterfaceOrientations_iPhone = "UIInterfaceOrientationPortrait UIInterfaceOrientationLandscapeLeft UIInterfaceOrientationLandscapeRight";
				LD_RUNPATH_SEARCH_PATHS = (
					"$(inherited)",
					"@executable_path/Frameworks",
				);
				MARKETING_VERSION = 1.0;
				PRODUCT_BUNDLE_IDENTIFIER = "com.colen.victor.ioasys-books";
				PRODUCT_NAME = "$(TARGET_NAME)";
				SWIFT_EMIT_LOC_STRINGS = YES;
				SWIFT_VERSION = 5.0;
				TARGETED_DEVICE_FAMILY = "1,2";
			};
			name = Release;
		};
/* End XCBuildConfiguration section */

/* Begin XCConfigurationList section */
		79A1A09027AFF30B00C2E0E6 /* Build configuration list for PBXProject "ioasys books" */ = {
			isa = XCConfigurationList;
			buildConfigurations = (
				79A1A0A727AFF30C00C2E0E6 /* Debug */,
				79A1A0A827AFF30C00C2E0E6 /* Release */,
			);
			defaultConfigurationIsVisible = 0;
			defaultConfigurationName = Release;
		};
		79A1A0A927AFF30C00C2E0E6 /* Build configuration list for PBXNativeTarget "ioasys books" */ = {
			isa = XCConfigurationList;
			buildConfigurations = (
				79A1A0AA27AFF30C00C2E0E6 /* Debug */,
				79A1A0AB27AFF30C00C2E0E6 /* Release */,
			);
			defaultConfigurationIsVisible = 0;
			defaultConfigurationName = Release;
		};
/* End XCConfigurationList section */

/* Begin XCRemoteSwiftPackageReference section */
		7937CBC027B4477300F7FA1F /* XCRemoteSwiftPackageReference "SDWebImage" */ = {
			isa = XCRemoteSwiftPackageReference;
			repositoryURL = "https://github.com/SDWebImage/SDWebImage.git";
			requirement = {
				kind = upToNextMajorVersion;
				minimumVersion = 5.0.0;
			};
		};
/* End XCRemoteSwiftPackageReference section */

/* Begin XCSwiftPackageProductDependency section */
		7937CBC127B4477400F7FA1F /* SDWebImage */ = {
			isa = XCSwiftPackageProductDependency;
			package = 7937CBC027B4477300F7FA1F /* XCRemoteSwiftPackageReference "SDWebImage" */;
			productName = SDWebImage;
		};
/* End XCSwiftPackageProductDependency section */
	};
	rootObject = 79A1A08D27AFF30B00C2E0E6 /* Project object */;
}
